
Microsoft Visual Studio Solution File, Format Version 12.00
# Visual Studio Version 17
VisualStudioVersion = 17.0.31903.59
MinimumVisualStudioVersion = 10.0.40219.1
Project("{FAE04EC0-301F-11D3-BF4B-00C04F79EFBC}") = "TelerikLiveTest", "TelerikLiveTest\TelerikLiveTest.csproj", "{46FC9565-E33B-432C-92BE-52302F79E16D}"
EndProject
Global
	GlobalSection(SolutionConfigurationPlatforms) = preSolution
		Debug|Any CPU = Debug|Any CPU
		Release|Any CPU = Release|Any CPU
	EndGlobalSection
	GlobalSection(ProjectConfigurationPlatforms) = postSolution
		{46FC9565-E33B-432C-92BE-52302F79E16D}.Debug|Any CPU.ActiveCfg = Debug|Any CPU
		{46FC9565-E33B-432C-92BE-52302F79E16D}.Debug|Any CPU.Build.0 = Debug|Any CPU
		{46FC9565-E33B-432C-92BE-52302F79E16D}.Release|Any CPU.ActiveCfg = Release|Any CPU
		{46FC9565-E33B-432C-92BE-52302F79E16D}.Release|Any CPU.Build.0 = Release|Any CPU
	EndGlobalSection
	GlobalSection(SolutionProperties) = preSolution
		HideSolutionNode = FALSE
	EndGlobalSection
	GlobalSection(ExtensibilityGlobals) = postSolution
		SolutionGuid = {5EF24842-DD4D-4A37-BFAA-C08BB2C240B9}
	EndGlobalSection
EndGlobal
